# This file is automatically @generated by Cargo.
# It is not intended for manual editing.
[[package]]
name = "autocfg"
version = "1.0.1"
source = "registry+https://github.com/rust-lang/crates.io-index"
checksum = "cdb031dd78e28731d87d56cc8ffef4a8f36ca26c38fe2de700543e627f8a464a"

[[package]]
name = "cc"
version = "1.0.66"
source = "registry+https://github.com/rust-lang/crates.io-index"
checksum = "4c0496836a84f8d0495758516b8621a622beb77c0fed418570e50764093ced48"

[[package]]
name = "cmake"
version = "0.1.45"
source = "registry+https://github.com/rust-lang/crates.io-index"
checksum = "eb6210b637171dfba4cda12e579ac6dc73f5165ad56133e5d72ef3131f320855"
dependencies = [
 "cc",
]

[[package]]
name = "gtone"
version = "0.1.0"
dependencies = [
 "pitch",
 "pitch-detection",
 "soundio",
]

[[package]]
name = "libsoundio-sys"
version = "0.3.0"
source = "registry+https://github.com/rust-lang/crates.io-index"
checksum = "e2195f9ee34029c950787e2bdb014b6cd69bdff20f82e27b19170ca921d93a7f"
dependencies = [
 "cc",
 "cmake",
 "pkg-config",
]

[[package]]
name = "num-complex"
version = "0.3.1"
source = "registry+https://github.com/rust-lang/crates.io-index"
checksum = "747d632c0c558b87dbabbe6a82f3b4ae03720d0646ac5b7b4dae89394be5f2c5"
dependencies = [
 "num-traits",
]

[[package]]
name = "num-integer"
version = "0.1.44"
source = "registry+https://github.com/rust-lang/crates.io-index"
checksum = "d2cc698a63b549a70bc047073d2949cce27cd1c7b0a4a862d08a8031bc2801db"
dependencies = [
 "autocfg",
 "num-traits",
]

[[package]]
name = "num-traits"
version = "0.2.14"
source = "registry+https://github.com/rust-lang/crates.io-index"
checksum = "9a64b1ec5cda2586e284722486d802acf1f7dbdc623e2bfc57e65ca1cd099290"
dependencies = [
 "autocfg",
]

[[package]]
name = "pitch"
version = "0.1.3"
source = "registry+https://github.com/rust-lang/crates.io-index"
checksum = "4cb77a46cf94b1653e45117c2db063e1ac9af4e3e6432d92e1f1871225fabb46"

[[package]]
name = "pitch-detection"
version = "0.2.0"
source = "registry+https://github.com/rust-lang/crates.io-index"
checksum = "0fcfccf1697fccf7fa5d409574bcc16c00a7eefe87025c659a0466c7cbca002f"
dependencies = [
 "num-complex",
 "num-traits",
 "rustfft",
]

[[package]]
name = "pkg-config"
version = "0.3.19"
source = "registry+https://github.com/rust-lang/crates.io-index"
checksum = "3831453b3449ceb48b6d9c7ad7c96d5ea673e9b470a1dc578c2ce6521230884c"

[[package]]
name = "rustfft"
version = "4.1.0"
source = "registry+https://github.com/rust-lang/crates.io-index"
checksum = "f107ffb2ec15915d932b7b1537fe4d6efb36955ee2b06f8f759c80a0725f80b1"
dependencies = [
 "num-complex",
 "num-integer",
 "num-traits",
 "strength_reduce",
 "transpose",
]

[[package]]
name = "soundio"
version = "0.2.1"
source = "registry+https://github.com/rust-lang/crates.io-index"
checksum = "642a63d018a712067f22e19e407d6f6f08e1a436c156771e26171f076f8db24c"
dependencies = [
 "libsoundio-sys",
]

[[package]]
name = "strength_reduce"
version = "0.2.3"
source = "registry+https://github.com/rust-lang/crates.io-index"
checksum = "a3ff2f71c82567c565ba4b3009a9350a96a7269eaa4001ebedae926230bc2254"

[[package]]
name = "transpose"
version = "0.2.0"
source = "registry+https://github.com/rust-lang/crates.io-index"
checksum = "c3311ef71dea6a1fd6bf5bfc10ec5b4bef6174048f6b481dbc6ce915ff48c0a0"
dependencies = [
 "num-integer",
 "strength_reduce",
]
